
Microsoft Visual Studio Solution File, Format Version 12.00
# Visual Studio Version 17
VisualStudioVersion = 17.14.36623.8 d17.14
MinimumVisualStudioVersion = 10.0.40219.1
Project("{FAE04EC0-301F-11D3-BF4B-00C04F79EFBC}") = "PadelSimple.Desktop", "PadelSimple.Desktop\PadelSimple.Desktop.csproj", "{38163995-6869-4090-92EC-F473BFBEEFFB}"
EndProject
Project("{FAE04EC0-301F-11D3-BF4B-00C04F79EFBC}") = "PadelSimple.Models", "PadelSimple.Models\PadelSimple.Models.csproj", "{65CA5116-B1F5-4BCC-9077-6E9E2520CB27}"
EndProject
Global
	GlobalSection(SolutionConfigurationPlatforms) = preSolution
		Debug|Any CPU = Debug|Any CPU
		Release|Any CPU = Release|Any CPU
	EndGlobalSection
	GlobalSection(ProjectConfigurationPlatforms) = postSolution
		{38163995-6869-4090-92EC-F473BFBEEFFB}.Debug|Any CPU.ActiveCfg = Debug|Any CPU
		{38163995-6869-4090-92EC-F473BFBEEFFB}.Debug|Any CPU.Build.0 = Debug|Any CPU
		{38163995-6869-4090-92EC-F473BFBEEFFB}.Release|Any CPU.ActiveCfg = Release|Any CPU
		{38163995-6869-4090-92EC-F473BFBEEFFB}.Release|Any CPU.Build.0 = Release|Any CPU
		{65CA5116-B1F5-4BCC-9077-6E9E2520CB27}.Debug|Any CPU.ActiveCfg = Debug|Any CPU
		{65CA5116-B1F5-4BCC-9077-6E9E2520CB27}.Debug|Any CPU.Build.0 = Debug|Any CPU
		{65CA5116-B1F5-4BCC-9077-6E9E2520CB27}.Release|Any CPU.ActiveCfg = Release|Any CPU
		{65CA5116-B1F5-4BCC-9077-6E9E2520CB27}.Release|Any CPU.Build.0 = Release|Any CPU
	EndGlobalSection
	GlobalSection(SolutionProperties) = preSolution
		HideSolutionNode = FALSE
	EndGlobalSection
	GlobalSection(ExtensibilityGlobals) = postSolution
		SolutionGuid = {FBD4E66B-2DFB-435E-9359-B2C2E2C71B62}
	EndGlobalSection
EndGlobal
